
Microsoft Visual Studio Solution File, Format Version 12.00
# Visual Studio Version 17
VisualStudioVersion = 17.6.33829.357
MinimumVisualStudioVersion = 10.0.40219.1
Project("{FAE04EC0-301F-11D3-BF4B-00C04F79EFBC}") = "TeachMeSkills5.Strings", "TeachMeSkills5.Strings\TeachMeSkills5.Strings.csproj", "{073B3345-CEE9-429B-9C62-1B2F11AF1500}"
EndProject
Global
	GlobalSection(SolutionConfigurationPlatforms) = preSolution
		Debug|Any CPU = Debug|Any CPU
		Release|Any CPU = Release|Any CPU
	EndGlobalSection
	GlobalSection(ProjectConfigurationPlatforms) = postSolution
		{073B3345-CEE9-429B-9C62-1B2F11AF1500}.Debug|Any CPU.ActiveCfg = Debug|Any CPU
		{073B3345-CEE9-429B-9C62-1B2F11AF1500}.Debug|Any CPU.Build.0 = Debug|Any CPU
		{073B3345-CEE9-429B-9C62-1B2F11AF1500}.Release|Any CPU.ActiveCfg = Release|Any CPU
		{073B3345-CEE9-429B-9C62-1B2F11AF1500}.Release|Any CPU.Build.0 = Release|Any CPU
	EndGlobalSection
	GlobalSection(SolutionProperties) = preSolution
		HideSolutionNode = FALSE
	EndGlobalSection
	GlobalSection(ExtensibilityGlobals) = postSolution
		SolutionGuid = {A51C7DC6-45DB-45FD-9690-7304014E566C}
	EndGlobalSection
EndGlobal
